
Microsoft Visual Studio Solution File, Format Version 12.00
# Visual Studio 2013
VisualStudioVersion = 12.0.30110.0
MinimumVisualStudioVersion = 10.0.40219.1
Project("{FAE04EC0-301F-11D3-BF4B-00C04F79EFBC}") = "ExamPlanningSystem", "ExamPlanningSystem\ExamPlanningSystem.csproj", "{17624013-39D3-4DC3-B983-E85E529FF3BC}"
EndProject
Project("{FAE04EC0-301F-11D3-BF4B-00C04F79EFBC}") = "BLL", "BLL\BLL.csproj", "{2E5B3B62-EDD8-4556-9E5B-0E28F6795F27}"
EndProject
Project("{FAE04EC0-301F-11D3-BF4B-00C04F79EFBC}") = "DALC", "DALC\DALC.csproj", "{0A2B5E81-C3BB-4D3E-B034-19A22B966F5E}"
EndProject
Project("{FAE04EC0-301F-11D3-BF4B-00C04F79EFBC}") = "UnitTestProject", "UnitTestProject\UnitTestProject.csproj", "{59B423BD-D0A6-466D-BB2A-46BB30053531}"
EndProject
Global
	GlobalSection(SolutionConfigurationPlatforms) = preSolution
		Debug|Any CPU = Debug|Any CPU
		Release|Any CPU = Release|Any CPU
	EndGlobalSection
	GlobalSection(ProjectConfigurationPlatforms) = postSolution
		{17624013-39D3-4DC3-B983-E85E529FF3BC}.Debug|Any CPU.ActiveCfg = Debug|Any CPU
		{17624013-39D3-4DC3-B983-E85E529FF3BC}.Debug|Any CPU.Build.0 = Debug|Any CPU
		{17624013-39D3-4DC3-B983-E85E529FF3BC}.Release|Any CPU.ActiveCfg = Release|Any CPU
		{17624013-39D3-4DC3-B983-E85E529FF3BC}.Release|Any CPU.Build.0 = Release|Any CPU
		{2E5B3B62-EDD8-4556-9E5B-0E28F6795F27}.Debug|Any CPU.ActiveCfg = Debug|Any CPU
		{2E5B3B62-EDD8-4556-9E5B-0E28F6795F27}.Debug|Any CPU.Build.0 = Debug|Any CPU
		{2E5B3B62-EDD8-4556-9E5B-0E28F6795F27}.Release|Any CPU.ActiveCfg = Release|Any CPU
		{2E5B3B62-EDD8-4556-9E5B-0E28F6795F27}.Release|Any CPU.Build.0 = Release|Any CPU
		{0A2B5E81-C3BB-4D3E-B034-19A22B966F5E}.Debug|Any CPU.ActiveCfg = Debug|Any CPU
		{0A2B5E81-C3BB-4D3E-B034-19A22B966F5E}.Debug|Any CPU.Build.0 = Debug|Any CPU
		{0A2B5E81-C3BB-4D3E-B034-19A22B966F5E}.Release|Any CPU.ActiveCfg = Release|Any CPU
		{0A2B5E81-C3BB-4D3E-B034-19A22B966F5E}.Release|Any CPU.Build.0 = Release|Any CPU
		{59B423BD-D0A6-466D-BB2A-46BB30053531}.Debug|Any CPU.ActiveCfg = Debug|Any CPU
		{59B423BD-D0A6-466D-BB2A-46BB30053531}.Debug|Any CPU.Build.0 = Debug|Any CPU
		{59B423BD-D0A6-466D-BB2A-46BB30053531}.Release|Any CPU.ActiveCfg = Release|Any CPU
		{59B423BD-D0A6-466D-BB2A-46BB30053531}.Release|Any CPU.Build.0 = Release|Any CPU
	EndGlobalSection
	GlobalSection(SolutionProperties) = preSolution
		HideSolutionNode = FALSE
	EndGlobalSection
EndGlobal
